[[package]]
category = "main"
description = "Screen-scraping library"
name = "beautifulsoup4"
optional = false
python-versions = "*"
version = "4.9.3"

[package.dependencies]
[package.dependencies.soupsieve]
python = ">=3.0"
version = ">1.2"

[package.extras]
html5lib = ["html5lib"]
lxml = ["lxml"]

[[package]]
category = "main"
description = "Dummy package for Beautiful Soup"
name = "bs4"
optional = false
python-versions = "*"
version = "0.0.1"

[package.dependencies]
beautifulsoup4 = "*"

[[package]]
category = "main"
description = "Python package for providing Mozilla's CA Bundle."
name = "certifi"
optional = false
python-versions = "*"
version = "2020.6.20"

[[package]]
category = "main"
description = "Universal encoding detector for Python 2 and 3"
name = "chardet"
optional = false
python-versions = "*"
version = "3.0.4"

[[package]]
category = "main"
description = "Internationalized Domain Names in Applications (IDNA)"
name = "idna"
optional = false
python-versions = ">=2.7, !=3.0.*, !=3.1.*, !=3.2.*, !=3.3.*"
version = "2.10"

[[package]]
category = "main"
description = "Powerful and Pythonic XML processing library combining libxml2/libxslt with the ElementTree API."
name = "lxml"
optional = false
python-versions = ">=2.7, !=3.0.*, !=3.1.*, !=3.2.*, !=3.3.*, != 3.4.*"
version = "4.6.0"

[package.extras]
cssselect = ["cssselect (>=0.7)"]
html5 = ["html5lib"]
htmlsoup = ["beautifulsoup4"]
source = ["Cython (>=0.29.7)"]

[[package]]
category = "main"
description = "Python HTTP for Humans."
name = "requests"
optional = false
python-versions = ">=2.7, !=3.0.*, !=3.1.*, !=3.2.*, !=3.3.*, !=3.4.*"
version = "2.24.0"

[package.dependencies]
certifi = ">=2017.4.17"
chardet = ">=3.0.2,<4"
idna = ">=2.5,<3"
urllib3 = ">=1.21.1,<1.25.0 || >1.25.0,<1.25.1 || >1.25.1,<1.26"

[package.extras]
security = ["pyOpenSSL (>=0.14)", "cryptography (>=1.3.4)"]
socks = ["PySocks (>=1.5.6,<1.5.7 || >1.5.7)", "win-inet-pton"]

[[package]]
category = "main"
description = "A modern CSS selector implementation for Beautiful Soup."
marker = "python_version >= \"3.0\""
name = "soupsieve"
optional = false
python-versions = ">=3.5"
version = "2.0.1"

[[package]]
category = "main"
description = "HTTP library with thread-safe connection pooling, file post, and more."
name = "urllib3"
optional = false
python-versions = ">=2.7, !=3.0.*, !=3.1.*, !=3.2.*, !=3.3.*, !=3.4.*, <4"
version = "1.25.10"

[package.extras]
brotli = ["brotlipy (>=0.6.0)"]
secure = ["certifi", "cryptography (>=1.3.4)", "idna (>=2.0.0)", "pyOpenSSL (>=0.14)", "ipaddress"]
socks = ["PySocks (>=1.5.6,<1.5.7 || >1.5.7,<2.0)"]

[metadata]
content-hash = "c60ecc1cae63e775bfe1b708d1c0288d82b6cac2c3ef1058792071c8098ea54f"
python-versions = "^3.8"

[metadata.files]
beautifulsoup4 = [
    {file = "beautifulsoup4-4.9.3-py2-none-any.whl", hash = "sha256:4c98143716ef1cb40bf7f39a8e3eec8f8b009509e74904ba3a7b315431577e35"},
    {file = "beautifulsoup4-4.9.3-py3-none-any.whl", hash = "sha256:fff47e031e34ec82bf17e00da8f592fe7de69aeea38be00523c04623c04fb666"},
    {file = "beautifulsoup4-4.9.3.tar.gz", hash = "sha256:84729e322ad1d5b4d25f805bfa05b902dd96450f43842c4e99067d5e1369eb25"},
]
bs4 = [
    {file = "bs4-0.0.1.tar.gz", hash = "sha256:36ecea1fd7cc5c0c6e4a1ff075df26d50da647b75376626cc186e2212886dd3a"},
]
certifi = [
    {file = "certifi-2020.6.20-py2.py3-none-any.whl", hash = "sha256:8fc0819f1f30ba15bdb34cceffb9ef04d99f420f68eb75d901e9560b8749fc41"},
    {file = "certifi-2020.6.20.tar.gz", hash = "sha256:5930595817496dd21bb8dc35dad090f1c2cd0adfaf21204bf6732ca5d8ee34d3"},
]
chardet = [
    {file = "chardet-3.0.4-py2.py3-none-any.whl", hash = "sha256:fc323ffcaeaed0e0a02bf4d117757b98aed530d9ed4531e3e15460124c106691"},
    {file = "chardet-3.0.4.tar.gz", hash = "sha256:84ab92ed1c4d4f16916e05906b6b75a6c0fb5db821cc65e70cbd64a3e2a5eaae"},
]
idna = [
    {file = "idna-2.10-py2.py3-none-any.whl", hash = "sha256:b97d804b1e9b523befed77c48dacec60e6dcb0b5391d57af6a65a312a90648c0"},
    {file = "idna-2.10.tar.gz", hash = "sha256:b307872f855b18632ce0c21c5e45be78c0ea7ae4c15c828c20788b26921eb3f6"},
]
lxml = [
    {file = "lxml-4.6.0-cp27-cp27m-macosx_10_9_x86_64.whl", hash = "sha256:f8266e58a0c464382057f5a880258fadccf0a92a34669dc2802bc3d3c160a5fd"},
    {file = "lxml-4.6.0-cp27-cp27m-manylinux1_i686.whl", hash = "sha256:cb8dc9b9f35d1ddff2654b061ea64656392823923f8f65ec2133ea95b1332095"},
    {file = "lxml-4.6.0-cp27-cp27m-manylinux1_x86_64.whl", hash = "sha256:d846720acfb38c97edddcaefa8dceaa1783f1015fb3dc35e526c7d7b5f732723"},
    {file = "lxml-4.6.0-cp27-cp27m-win32.whl", hash = "sha256:316d54491c832c90e28f3ceec35e8641885ee3706638402525933ec7aca24d0f"},
    {file = "lxml-4.6.0-cp27-cp27m-win_amd64.whl", hash = "sha256:68f29178ba5b8dd571755a5751ee38f4cb159d96fdd23353a9d37cb7fe73394f"},
    {file = "lxml-4.6.0-cp27-cp27mu-manylinux1_i686.whl", hash = "sha256:1a5629e6c73da04459c30bc2d486b3d67b3bd46debd76bf27b17e02333350117"},
    {file = "lxml-4.6.0-cp27-cp27mu-manylinux1_x86_64.whl", hash = "sha256:6d53c64a75dd71f2662463244d5beba4570f3541debbbc1f9fcb48b9db2bd2d5"},
    {file = "lxml-4.6.0-cp35-cp35m-manylinux1_i686.whl", hash = "sha256:a396f204e92a0bafbcc0820896f57371ff61db645760ab86dc1a31b907c11811"},
    {file = "lxml-4.6.0-cp35-cp35m-manylinux1_x86_64.whl", hash = "sha256:18daa5b1245919a423acfc58b59623d438d0088a673b5f809b408413a5092abf"},
    {file = "lxml-4.6.0-cp35-cp35m-win32.whl", hash = "sha256:0d9d71656b3594a7a0e4ac95661c4c59d603812684ea0351bd8b2c9dee0ebf91"},
    {file = "lxml-4.6.0-cp35-cp35m-win_amd64.whl", hash = "sha256:9d519f92b0a95386641c37c1310cb6e5c0249861c6d5ec685ce77a23ff68e46f"},
    {file = "lxml-4.6.0-cp36-cp36m-macosx_10_9_x86_64.whl", hash = "sha256:1cb42697be3d6ab67f282f15f4fbb8e34fd8e477e03c389b2967565580dc2d1b"},
    {file = "lxml-4.6.0-cp36-cp36m-manylinux1_i686.whl", hash = "sha256:599d856441e4aa11cb5d01250b0b1b4672b843a497db9b5c7465edafe29dcfa4"},
    {file = "lxml-4.6.0-cp36-cp36m-manylinux1_x86_64.whl", hash = "sha256:f6bee1603edca2f1d4b4069a2af1fecd938daa1ec3045909c6f1bd9db560bfc3"},
    {file = "lxml-4.6.0-cp36-cp36m-win32.whl", hash = "sha256:1cedfa8180bff7d51b119b12abfe13a368795b4105212b941f5781be5b249be3"},
    {file = "lxml-4.6.0-cp36-cp36m-win_amd64.whl", hash = "sha256:38acdb3bbc35f3af9e5ccca8ad0732ffcd6b46760cea08f7881d980f4f18ca8e"},
    {file = "lxml-4.6.0-cp37-cp37m-macosx_10_9_x86_64.whl", hash = "sha256:734db976148ccad94a5f06d10ecda47e4e10208bf292da87b1f16c22a3ba3529"},
    {file = "lxml-4.6.0-cp37-cp37m-manylinux1_i686.whl", hash = "sha256:77a3a9371b87752ea5c9d7c5fbd47933fa6655f6c205410cf03fe82b551f9ee9"},
    {file = "lxml-4.6.0-cp37-cp37m-manylinux1_x86_64.whl", hash = "sha256:d3fb35de9b569dd0c25542d2babb6be9d8231b216c042c4528e1b37875136c3b"},
    {file = "lxml-4.6.0-cp37-cp37m-win32.whl", hash = "sha256:268d1466fe9b0c428893c0554bdf751afc71b3dae651d17a928e06d17b8d58ea"},
    {file = "lxml-4.6.0-cp37-cp37m-win_amd64.whl", hash = "sha256:79f8cb5c25efb5aabed527aecab2f4b7fb172a1524d112ee2079c7ebbaf15b45"},
    {file = "lxml-4.6.0-cp38-cp38-macosx_10_9_x86_64.whl", hash = "sha256:ffa03cdff12d9747e128ad96089a10011470c8416213a90d7d49ca9b354f4f11"},
    {file = "lxml-4.6.0-cp38-cp38-manylinux1_i686.whl", hash = "sha256:6d953e1e7c0889f4a0a0157b8098692bcc5a0b39dba6d66f1ade6aa8d35c239c"},
    {file = "lxml-4.6.0-cp38-cp38-manylinux1_x86_64.whl", hash = "sha256:5e50e2ea7e03fce5c09705617904add16cefd0a569af4febef07001b0d4ad539"},
    {file = "lxml-4.6.0-cp38-cp38-win32.whl", hash = "sha256:5ffd6ca8a026f80a077328dfe51768b96fee409f189dea4f81371304a504cb11"},
    {file = "lxml-4.6.0-cp38-cp38-win_amd64.whl", hash = "sha256:cb7333ab8f7ce06431b6512b0e0dc63093fbc239ff1011b292a2bf827c49a135"},
    {file = "lxml-4.6.0-cp39-cp39-manylinux1_i686.whl", hash = "sha256:e179147e7457dd38083aa7a08ed9919cb8ba3928d1143300501b01d5e27eb8e9"},
    {file = "lxml-4.6.0-cp39-cp39-manylinux1_x86_64.whl", hash = "sha256:5b26ea5a6289154d1d2c88fabb228e44ebd79ba0b352d48af5bd0e14c15dd349"},
    {file = "lxml-4.6.0-cp39-cp39-win32.whl", hash = "sha256:a5401b96749a96e373acfddc199cd64d2dcec85bf525142d4661b949ecc41fca"},
    {file = "lxml-4.6.0-cp39-cp39-win_amd64.whl", hash = "sha256:26d65faffb0cc9f96942c3184a4ff661db339d6f39457fdc6875fc264ece1c9a"},
    {file = "lxml-4.6.0.tar.gz", hash = "sha256:8319abacbbe9fd9791c2e3c23deb9b6a16abc0fcbdfcc26722035e865b3d207f"},
]
requests = [
    {file = "requests-2.24.0-py2.py3-none-any.whl", hash = "sha256:fe75cc94a9443b9246fc7049224f75604b113c36acb93f87b80ed42c44cbb898"},
    {file = "requests-2.24.0.tar.gz", hash = "sha256:b3559a131db72c33ee969480840fff4bb6dd111de7dd27c8ee1f820f4f00231b"},
]
soupsieve = [
    {file = "soupsieve-2.0.1-py3-none-any.whl", hash = "sha256:1634eea42ab371d3d346309b93df7870a88610f0725d47528be902a0d95ecc55"},
    {file = "soupsieve-2.0.1.tar.gz", hash = "sha256:a59dc181727e95d25f781f0eb4fd1825ff45590ec8ff49eadfd7f1a537cc0232"},
]
urllib3 = [
    {file = "urllib3-1.25.10-py2.py3-none-any.whl", hash = "sha256:e7983572181f5e1522d9c98453462384ee92a0be7fac5f1413a1e35c56cc0461"},
    {file = "urllib3-1.25.10.tar.gz", hash = "sha256:91056c15fa70756691db97756772bb1eb9678fa585d9184f24534b100dc60f4a"},
]
